{
  "version": 1,
  "dependencies": {
    ".NETFramework,Version=v4.8": {
      "BepInEx.Core": {
        "type": "Direct",
        "requested": "[5.4.21, )",
        "resolved": "5.4.21",
        "contentHash": "NMUPlbHTTfJ+qIQCI90uIvjuUQ4wnwt4cpRsK3ItBh1DhsWFzAHXNiZjBxZkPysljEKQ2iu89sxMTga4bxBXVQ==",
        "dependencies": {
          "BepInEx.BaseLib": "5.4.20",
          "HarmonyX": "2.7.0"
        }
      },
      "BepInEx.PluginInfoProps": {
        "type": "Direct",
        "requested": "[2.1.0, )",
        "resolved": "2.1.0",
        "contentHash": "VCG3QRiqNdW9ku2FEcNsbK+HKxrZmW0VxwMNyLNO7h0xGorU+C6vBHN8Qq4eAL5fU11Uks5x2uoYdqEoKD3P8A=="
      },
      "MrPurple6411.CityOfGangsters.GameAssemblies": {
        "type": "Direct",
        "requested": "[1.0.0, )",
        "resolved": "1.4.4",
        "contentHash": "KOmv6WHGB992jruAUzx2sSAE5VbLPR9KWb3QF4KHZupUdyeiNRBrFMWDqrgZrJPqdTBt5SyfVU1gAMbkZw7eMA=="
      },
      "UnityEngine.Modules": {
        "type": "Direct",
        "requested": "[2020.3.28, )",
        "resolved": "2020.3.28",
        "contentHash": "hGfVA0IX28xgtu8Ki51PGeTsZQp7zSqrqVXdvFgwy2/OllL4Zg3iuBDhXJWDb69t1D7TKFq0FgM3dro3GakDDA=="
      },
      "BepInEx.BaseLib": {
        "type": "Transitive",
        "resolved": "5.4.20",
        "contentHash": "0bXgYxbCEN2Ixp3kiFEhyw+RASeFQeg/ww+lbMt7if6XMeVS60eg6epNsMA8Jbx57dmNOzNevkKKw8mP8SUMqw=="
      },
      "HarmonyX": {
        "type": "Transitive",
        "resolved": "2.7.0",
        "contentHash": "lec/SkduQspMa3Pi/nM/NSvA84Za8HCCWA8ybdToKiTqnBZa+JC5g6rxoFQCg/1vNuYcvjy77edePZzIEsRmvw==",
        "dependencies": {
          "MonoMod.RuntimeDetour": "21.12.13.1"
        }
      },
      "Mono.Cecil": {
        "type": "Transitive",
        "resolved": "0.11.4",
        "contentHash": "IC1h5g0NeJGHIUgzM1P82ld57knhP0IcQfrYITDPXlNpMYGUrsG5TxuaWTjaeqDNQMBDNZkB8L0rBnwsY6JHuQ=="
      },
      "MonoMod.RuntimeDetour": {
        "type": "Transitive",
        "resolved": "21.12.13.1",
        "contentHash": "65mB+bHjT6UCGCgO+/pYhpuGPf96rQ1Whwkut/x7cqVIW0DTndDFyWc/3bngzhnY/Y6IYtBMlXsU2ATq+CxpHg==",
        "dependencies": {
          "Mono.Cecil": "0.11.4",
          "MonoMod.Utils": "21.12.13.1"
        }
      },
      "MonoMod.Utils": {
        "type": "Transitive",
        "resolved": "21.12.13.1",
        "contentHash": "/H+0RMWqx/D1/fSuY5jhY6GFvqhdYdlnI7J3IfL8P6y4nJkoZDxqts6+RxWWOz4pbnJdWnxSjS8XG+Lq6rUi7w==",
        "dependencies": {
          "Mono.Cecil": "0.11.4"
        }
      }
    }
  }
}